
Microsoft Visual Studio Solution File, Format Version 12.00
# Visual Studio 2013
VisualStudioVersion = 12.0.30501.0
MinimumVisualStudioVersion = 10.0.40219.1
Project("{FAE04EC0-301F-11D3-BF4B-00C04F79EFBC}") = "EggOn.Web.Service", "Presentation\EggOn.Web.Service\EggOn.Web.Service.csproj", "{613562E9-7B43-4782-9C18-753DA5715207}"
EndProject
Project("{FAE04EC0-301F-11D3-BF4B-00C04F79EFBC}") = "EggOn.Web.UI", "Presentation\EggOn.Web.UI\EggOn.Web.UI.csproj", "{C4C22602-E089-4B91-AB8C-D422FE437F15}"
	ProjectSection(ProjectDependencies) = postProject
		{613562E9-7B43-4782-9C18-753DA5715207} = {613562E9-7B43-4782-9C18-753DA5715207}
	EndProjectSection
EndProject
Project("{2150E333-8FDC-42A3-9474-1A3956D46DE8}") = "Presentation", "Presentation", "{7C434DAB-9342-4A78-9B08-B8216165E38F}"
EndProject
Project("{2150E333-8FDC-42A3-9474-1A3956D46DE8}") = "Modules", "Modules", "{4193163E-38F4-4210-913D-E770829B31FF}"
EndProject
Project("{FAE04EC0-301F-11D3-BF4B-00C04F79EFBC}") = "EggOn.Logging", "Utilities\EggOn.Logging\EggOn.Logging.csproj", "{25C2F78E-96D8-4140-A033-60E3554AAB9A}"
EndProject
Project("{2150E333-8FDC-42A3-9474-1A3956D46DE8}") = "Utilities", "Utilities", "{6FF905E9-D5DF-4867-864E-F38BA1FEE033}"
EndProject
Project("{FAE04EC0-301F-11D3-BF4B-00C04F79EFBC}") = "EggOn.Core", "Modules\EggOn.Core\EggOn.Core.csproj", "{3BC8E773-461F-4C95-AEC1-A4710BEF1D3B}"
EndProject
Project("{2150E333-8FDC-42A3-9474-1A3956D46DE8}") = "Base", "Base", "{B5ED6F7D-5B9A-4566-B919-37C1A3F738ED}"
EndProject
Project("{FAE04EC0-301F-11D3-BF4B-00C04F79EFBC}") = "EggOn.ModuleCore", "Base\EggOn.ModuleCore\EggOn.ModuleCore.csproj", "{44D18C98-BEEE-4F7E-A7FA-F482BCBD3027}"
EndProject
Project("{FAE04EC0-301F-11D3-BF4B-00C04F79EFBC}") = "EggOn.ORM", "Base\EggOn.ORM\EggOn.ORM.csproj", "{BB43C3D8-53E4-43FD-9414-B9E31C6AEDF5}"
EndProject
Project("{2150E333-8FDC-42A3-9474-1A3956D46DE8}") = "Documentation", "Documentation", "{D9095EF2-858F-4DDE-A532-CCA85836539B}"
	ProjectSection(SolutionItems) = preProject
		README.txt = README.txt
	EndProjectSection
EndProject
Project("{FAE04EC0-301F-11D3-BF4B-00C04F79EFBC}") = "EggOn.Data", "Modules\EggOn.Data\EggOn.Data.csproj", "{BA2E097B-7138-46BB-90E4-73B2800EA4C2}"
EndProject
Project("{FAE04EC0-301F-11D3-BF4B-00C04F79EFBC}") = "EggOn.Files", "Modules\EggOn.Files\EggOn.Files.csproj", "{30FA139F-81B2-45D1-ACAB-BC30BFF6BF4C}"
EndProject
Project("{FAE04EC0-301F-11D3-BF4B-00C04F79EFBC}") = "EggOn.Context", "Modules\EggOn.Context\EggOn.Context.csproj", "{F26ABC12-74B3-48B4-AFAA-83DF30D01127}"
	ProjectSection(ProjectDependencies) = postProject
		{3BC8E773-461F-4C95-AEC1-A4710BEF1D3B} = {3BC8E773-461F-4C95-AEC1-A4710BEF1D3B}
		{25C2F78E-96D8-4140-A033-60E3554AAB9A} = {25C2F78E-96D8-4140-A033-60E3554AAB9A}
		{44D18C98-BEEE-4F7E-A7FA-F482BCBD3027} = {44D18C98-BEEE-4F7E-A7FA-F482BCBD3027}
		{BB43C3D8-53E4-43FD-9414-B9E31C6AEDF5} = {BB43C3D8-53E4-43FD-9414-B9E31C6AEDF5}
	EndProjectSection
EndProject
Project("{FAE04EC0-301F-11D3-BF4B-00C04F79EFBC}") = "EggOn.ContextTests", "EggOn.ContextTests\EggOn.ContextTests.csproj", "{1C83000A-5099-4806-977C-AB330811F37F}"
EndProject
Global
	GlobalSection(SolutionConfigurationPlatforms) = preSolution
		Debug|Any CPU = Debug|Any CPU
		Release|Any CPU = Release|Any CPU
	EndGlobalSection
	GlobalSection(ProjectConfigurationPlatforms) = postSolution
		{613562E9-7B43-4782-9C18-753DA5715207}.Debug|Any CPU.ActiveCfg = Debug|Any CPU
		{613562E9-7B43-4782-9C18-753DA5715207}.Debug|Any CPU.Build.0 = Debug|Any CPU
		{613562E9-7B43-4782-9C18-753DA5715207}.Release|Any CPU.ActiveCfg = Release|Any CPU
		{613562E9-7B43-4782-9C18-753DA5715207}.Release|Any CPU.Build.0 = Release|Any CPU
		{C4C22602-E089-4B91-AB8C-D422FE437F15}.Debug|Any CPU.ActiveCfg = Debug|Any CPU
		{C4C22602-E089-4B91-AB8C-D422FE437F15}.Debug|Any CPU.Build.0 = Debug|Any CPU
		{C4C22602-E089-4B91-AB8C-D422FE437F15}.Release|Any CPU.ActiveCfg = Release|Any CPU
		{C4C22602-E089-4B91-AB8C-D422FE437F15}.Release|Any CPU.Build.0 = Release|Any CPU
		{25C2F78E-96D8-4140-A033-60E3554AAB9A}.Debug|Any CPU.ActiveCfg = Debug|Any CPU
		{25C2F78E-96D8-4140-A033-60E3554AAB9A}.Debug|Any CPU.Build.0 = Debug|Any CPU
		{25C2F78E-96D8-4140-A033-60E3554AAB9A}.Release|Any CPU.ActiveCfg = Release|Any CPU
		{25C2F78E-96D8-4140-A033-60E3554AAB9A}.Release|Any CPU.Build.0 = Release|Any CPU
		{3BC8E773-461F-4C95-AEC1-A4710BEF1D3B}.Debug|Any CPU.ActiveCfg = Debug|Any CPU
		{3BC8E773-461F-4C95-AEC1-A4710BEF1D3B}.Debug|Any CPU.Build.0 = Debug|Any CPU
		{3BC8E773-461F-4C95-AEC1-A4710BEF1D3B}.Release|Any CPU.ActiveCfg = Release|Any CPU
		{3BC8E773-461F-4C95-AEC1-A4710BEF1D3B}.Release|Any CPU.Build.0 = Release|Any CPU
		{44D18C98-BEEE-4F7E-A7FA-F482BCBD3027}.Debug|Any CPU.ActiveCfg = Debug|Any CPU
		{44D18C98-BEEE-4F7E-A7FA-F482BCBD3027}.Debug|Any CPU.Build.0 = Debug|Any CPU
		{44D18C98-BEEE-4F7E-A7FA-F482BCBD3027}.Release|Any CPU.ActiveCfg = Release|Any CPU
		{44D18C98-BEEE-4F7E-A7FA-F482BCBD3027}.Release|Any CPU.Build.0 = Release|Any CPU
		{BB43C3D8-53E4-43FD-9414-B9E31C6AEDF5}.Debug|Any CPU.ActiveCfg = Debug|Any CPU
		{BB43C3D8-53E4-43FD-9414-B9E31C6AEDF5}.Debug|Any CPU.Build.0 = Debug|Any CPU
		{BB43C3D8-53E4-43FD-9414-B9E31C6AEDF5}.Release|Any CPU.ActiveCfg = Release|Any CPU
		{BB43C3D8-53E4-43FD-9414-B9E31C6AEDF5}.Release|Any CPU.Build.0 = Release|Any CPU
		{BA2E097B-7138-46BB-90E4-73B2800EA4C2}.Debug|Any CPU.ActiveCfg = Debug|Any CPU
		{BA2E097B-7138-46BB-90E4-73B2800EA4C2}.Debug|Any CPU.Build.0 = Debug|Any CPU
		{BA2E097B-7138-46BB-90E4-73B2800EA4C2}.Release|Any CPU.ActiveCfg = Release|Any CPU
		{BA2E097B-7138-46BB-90E4-73B2800EA4C2}.Release|Any CPU.Build.0 = Release|Any CPU
		{30FA139F-81B2-45D1-ACAB-BC30BFF6BF4C}.Debug|Any CPU.ActiveCfg = Debug|Any CPU
		{30FA139F-81B2-45D1-ACAB-BC30BFF6BF4C}.Debug|Any CPU.Build.0 = Debug|Any CPU
		{30FA139F-81B2-45D1-ACAB-BC30BFF6BF4C}.Release|Any CPU.ActiveCfg = Release|Any CPU
		{30FA139F-81B2-45D1-ACAB-BC30BFF6BF4C}.Release|Any CPU.Build.0 = Release|Any CPU
		{F26ABC12-74B3-48B4-AFAA-83DF30D01127}.Debug|Any CPU.ActiveCfg = Debug|Any CPU
		{F26ABC12-74B3-48B4-AFAA-83DF30D01127}.Debug|Any CPU.Build.0 = Debug|Any CPU
		{F26ABC12-74B3-48B4-AFAA-83DF30D01127}.Release|Any CPU.ActiveCfg = Release|Any CPU
		{F26ABC12-74B3-48B4-AFAA-83DF30D01127}.Release|Any CPU.Build.0 = Release|Any CPU
		{1C83000A-5099-4806-977C-AB330811F37F}.Debug|Any CPU.ActiveCfg = Debug|Any CPU
		{1C83000A-5099-4806-977C-AB330811F37F}.Debug|Any CPU.Build.0 = Debug|Any CPU
		{1C83000A-5099-4806-977C-AB330811F37F}.Release|Any CPU.ActiveCfg = Release|Any CPU
		{1C83000A-5099-4806-977C-AB330811F37F}.Release|Any CPU.Build.0 = Release|Any CPU
	EndGlobalSection
	GlobalSection(SolutionProperties) = preSolution
		HideSolutionNode = FALSE
	EndGlobalSection
	GlobalSection(NestedProjects) = preSolution
		{613562E9-7B43-4782-9C18-753DA5715207} = {7C434DAB-9342-4A78-9B08-B8216165E38F}
		{C4C22602-E089-4B91-AB8C-D422FE437F15} = {7C434DAB-9342-4A78-9B08-B8216165E38F}
		{25C2F78E-96D8-4140-A033-60E3554AAB9A} = {6FF905E9-D5DF-4867-864E-F38BA1FEE033}
		{3BC8E773-461F-4C95-AEC1-A4710BEF1D3B} = {4193163E-38F4-4210-913D-E770829B31FF}
		{44D18C98-BEEE-4F7E-A7FA-F482BCBD3027} = {B5ED6F7D-5B9A-4566-B919-37C1A3F738ED}
		{BB43C3D8-53E4-43FD-9414-B9E31C6AEDF5} = {B5ED6F7D-5B9A-4566-B919-37C1A3F738ED}
		{BA2E097B-7138-46BB-90E4-73B2800EA4C2} = {4193163E-38F4-4210-913D-E770829B31FF}
		{30FA139F-81B2-45D1-ACAB-BC30BFF6BF4C} = {4193163E-38F4-4210-913D-E770829B31FF}
		{F26ABC12-74B3-48B4-AFAA-83DF30D01127} = {4193163E-38F4-4210-913D-E770829B31FF}
	EndGlobalSection
EndGlobal
